
Microsoft Visual Studio Solution File, Format Version 12.00
# Visual Studio 15
VisualStudioVersion = 15.0.26124.0
MinimumVisualStudioVersion = 15.0.26124.0
Project("{2150E333-8FDC-42A3-9474-1A3956D46DE8}") = "src", "src", "{DBA0F7DD-A3AC-4B96-8CC4-213F29CAF992}"
EndProject
Project("{FAE04EC0-301F-11D3-BF4B-00C04F79EFBC}") = "API", "src\API\API.csproj", "{B147E22C-AB25-4C6D-98EC-CA10A5CEACD2}"
EndProject
Project("{FAE04EC0-301F-11D3-BF4B-00C04F79EFBC}") = "Domain", "src\Domain\Domain.csproj", "{0F17A9A8-7253-4538-BAE9-FAAB3D869791}"
EndProject
Project("{FAE04EC0-301F-11D3-BF4B-00C04F79EFBC}") = "Infrastructure", "src\Infrastructure\Infrastructure.csproj", "{AE9D92FC-F9E8-461E-9CA1-6FB590E8F4AE}"
EndProject
Global
	GlobalSection(SolutionConfigurationPlatforms) = preSolution
		Debug|Any CPU = Debug|Any CPU
		Debug|x64 = Debug|x64
		Debug|x86 = Debug|x86
		Release|Any CPU = Release|Any CPU
		Release|x64 = Release|x64
		Release|x86 = Release|x86
	EndGlobalSection
	GlobalSection(SolutionProperties) = preSolution
		HideSolutionNode = FALSE
	EndGlobalSection
	GlobalSection(ProjectConfigurationPlatforms) = postSolution
		{B147E22C-AB25-4C6D-98EC-CA10A5CEACD2}.Debug|Any CPU.ActiveCfg = Debug|Any CPU
		{B147E22C-AB25-4C6D-98EC-CA10A5CEACD2}.Debug|Any CPU.Build.0 = Debug|Any CPU
		{B147E22C-AB25-4C6D-98EC-CA10A5CEACD2}.Debug|x64.ActiveCfg = Debug|Any CPU
		{B147E22C-AB25-4C6D-98EC-CA10A5CEACD2}.Debug|x64.Build.0 = Debug|Any CPU
		{B147E22C-AB25-4C6D-98EC-CA10A5CEACD2}.Debug|x86.ActiveCfg = Debug|Any CPU
		{B147E22C-AB25-4C6D-98EC-CA10A5CEACD2}.Debug|x86.Build.0 = Debug|Any CPU
		{B147E22C-AB25-4C6D-98EC-CA10A5CEACD2}.Release|Any CPU.ActiveCfg = Release|Any CPU
		{B147E22C-AB25-4C6D-98EC-CA10A5CEACD2}.Release|Any CPU.Build.0 = Release|Any CPU
		{B147E22C-AB25-4C6D-98EC-CA10A5CEACD2}.Release|x64.ActiveCfg = Release|Any CPU
		{B147E22C-AB25-4C6D-98EC-CA10A5CEACD2}.Release|x64.Build.0 = Release|Any CPU
		{B147E22C-AB25-4C6D-98EC-CA10A5CEACD2}.Release|x86.ActiveCfg = Release|Any CPU
		{B147E22C-AB25-4C6D-98EC-CA10A5CEACD2}.Release|x86.Build.0 = Release|Any CPU
		{0F17A9A8-7253-4538-BAE9-FAAB3D869791}.Debug|Any CPU.ActiveCfg = Debug|Any CPU
		{0F17A9A8-7253-4538-BAE9-FAAB3D869791}.Debug|Any CPU.Build.0 = Debug|Any CPU
		{0F17A9A8-7253-4538-BAE9-FAAB3D869791}.Debug|x64.ActiveCfg = Debug|Any CPU
		{0F17A9A8-7253-4538-BAE9-FAAB3D869791}.Debug|x64.Build.0 = Debug|Any CPU
		{0F17A9A8-7253-4538-BAE9-FAAB3D869791}.Debug|x86.ActiveCfg = Debug|Any CPU
		{0F17A9A8-7253-4538-BAE9-FAAB3D869791}.Debug|x86.Build.0 = Debug|Any CPU
		{0F17A9A8-7253-4538-BAE9-FAAB3D869791}.Release|Any CPU.ActiveCfg = Release|Any CPU
		{0F17A9A8-7253-4538-BAE9-FAAB3D869791}.Release|Any CPU.Build.0 = Release|Any CPU
		{0F17A9A8-7253-4538-BAE9-FAAB3D869791}.Release|x64.ActiveCfg = Release|Any CPU
		{0F17A9A8-7253-4538-BAE9-FAAB3D869791}.Release|x64.Build.0 = Release|Any CPU
		{0F17A9A8-7253-4538-BAE9-FAAB3D869791}.Release|x86.ActiveCfg = Release|Any CPU
		{0F17A9A8-7253-4538-BAE9-FAAB3D869791}.Release|x86.Build.0 = Release|Any CPU
		{AE9D92FC-F9E8-461E-9CA1-6FB590E8F4AE}.Debug|Any CPU.ActiveCfg = Debug|Any CPU
		{AE9D92FC-F9E8-461E-9CA1-6FB590E8F4AE}.Debug|Any CPU.Build.0 = Debug|Any CPU
		{AE9D92FC-F9E8-461E-9CA1-6FB590E8F4AE}.Debug|x64.ActiveCfg = Debug|Any CPU
		{AE9D92FC-F9E8-461E-9CA1-6FB590E8F4AE}.Debug|x64.Build.0 = Debug|Any CPU
		{AE9D92FC-F9E8-461E-9CA1-6FB590E8F4AE}.Debug|x86.ActiveCfg = Debug|Any CPU
		{AE9D92FC-F9E8-461E-9CA1-6FB590E8F4AE}.Debug|x86.Build.0 = Debug|Any CPU
		{AE9D92FC-F9E8-461E-9CA1-6FB590E8F4AE}.Release|Any CPU.ActiveCfg = Release|Any CPU
		{AE9D92FC-F9E8-461E-9CA1-6FB590E8F4AE}.Release|Any CPU.Build.0 = Release|Any CPU
		{AE9D92FC-F9E8-461E-9CA1-6FB590E8F4AE}.Release|x64.ActiveCfg = Release|Any CPU
		{AE9D92FC-F9E8-461E-9CA1-6FB590E8F4AE}.Release|x64.Build.0 = Release|Any CPU
		{AE9D92FC-F9E8-461E-9CA1-6FB590E8F4AE}.Release|x86.ActiveCfg = Release|Any CPU
		{AE9D92FC-F9E8-461E-9CA1-6FB590E8F4AE}.Release|x86.Build.0 = Release|Any CPU
	EndGlobalSection
	GlobalSection(NestedProjects) = preSolution
		{B147E22C-AB25-4C6D-98EC-CA10A5CEACD2} = {DBA0F7DD-A3AC-4B96-8CC4-213F29CAF992}
		{0F17A9A8-7253-4538-BAE9-FAAB3D869791} = {DBA0F7DD-A3AC-4B96-8CC4-213F29CAF992}
		{AE9D92FC-F9E8-461E-9CA1-6FB590E8F4AE} = {DBA0F7DD-A3AC-4B96-8CC4-213F29CAF992}
	EndGlobalSection
EndGlobal
