
Microsoft Visual Studio Solution File, Format Version 12.00
# Visual Studio 15
VisualStudioVersion = 15.0.26124.0
MinimumVisualStudioVersion = 15.0.26124.0
Project("{2150E333-8FDC-42A3-9474-1A3956D46DE8}") = "src", "src", "{DBA0F7DD-A3AC-4B96-8CC4-213F29CAF992}"
EndProject
Project("{FAE04EC0-301F-11D3-BF4B-00C04F79EFBC}") = "Domain", "src\Domain\Domain.csproj", "{0F17A9A8-7253-4538-BAE9-FAAB3D869791}"
EndProject
Project("{FAE04EC0-301F-11D3-BF4B-00C04F79EFBC}") = "Infrastructure", "src\Infrastructure\Infrastructure.csproj", "{AE9D92FC-F9E8-461E-9CA1-6FB590E8F4AE}"
EndProject
Project("{FAE04EC0-301F-11D3-BF4B-00C04F79EFBC}") = "Application", "src\Application\Application.csproj", "{E2A5FCEC-589B-461B-8267-7E36F1E50B6F}"
EndProject
Project("{FAE04EC0-301F-11D3-BF4B-00C04F79EFBC}") = "Client", "src\Client\Client.csproj", "{8B2305B5-8DEC-48B7-8793-0C8E4FDF74C4}"
EndProject
Project("{2150E333-8FDC-42A3-9474-1A3956D46DE8}") = "tests", "tests", "{693484C7-D0CD-4523-ADA1-3C3B29759955}"
EndProject
Project("{FAE04EC0-301F-11D3-BF4B-00C04F79EFBC}") = "Application.UnitTests", "tests\Application.UnitTests\Application.UnitTests.csproj", "{1C6978CC-9C6B-4A0F-9FFB-DF4C19C22636}"
EndProject
Global
	GlobalSection(SolutionConfigurationPlatforms) = preSolution
		Debug|Any CPU = Debug|Any CPU
		Debug|x64 = Debug|x64
		Debug|x86 = Debug|x86
		Release|Any CPU = Release|Any CPU
		Release|x64 = Release|x64
		Release|x86 = Release|x86
	EndGlobalSection
	GlobalSection(SolutionProperties) = preSolution
		HideSolutionNode = FALSE
	EndGlobalSection
	GlobalSection(ProjectConfigurationPlatforms) = postSolution
		{0F17A9A8-7253-4538-BAE9-FAAB3D869791}.Debug|Any CPU.ActiveCfg = Debug|Any CPU
		{0F17A9A8-7253-4538-BAE9-FAAB3D869791}.Debug|Any CPU.Build.0 = Debug|Any CPU
		{0F17A9A8-7253-4538-BAE9-FAAB3D869791}.Debug|x64.ActiveCfg = Debug|Any CPU
		{0F17A9A8-7253-4538-BAE9-FAAB3D869791}.Debug|x64.Build.0 = Debug|Any CPU
		{0F17A9A8-7253-4538-BAE9-FAAB3D869791}.Debug|x86.ActiveCfg = Debug|Any CPU
		{0F17A9A8-7253-4538-BAE9-FAAB3D869791}.Debug|x86.Build.0 = Debug|Any CPU
		{0F17A9A8-7253-4538-BAE9-FAAB3D869791}.Release|Any CPU.ActiveCfg = Release|Any CPU
		{0F17A9A8-7253-4538-BAE9-FAAB3D869791}.Release|Any CPU.Build.0 = Release|Any CPU
		{0F17A9A8-7253-4538-BAE9-FAAB3D869791}.Release|x64.ActiveCfg = Release|Any CPU
		{0F17A9A8-7253-4538-BAE9-FAAB3D869791}.Release|x64.Build.0 = Release|Any CPU
		{0F17A9A8-7253-4538-BAE9-FAAB3D869791}.Release|x86.ActiveCfg = Release|Any CPU
		{0F17A9A8-7253-4538-BAE9-FAAB3D869791}.Release|x86.Build.0 = Release|Any CPU
		{AE9D92FC-F9E8-461E-9CA1-6FB590E8F4AE}.Debug|Any CPU.ActiveCfg = Debug|Any CPU
		{AE9D92FC-F9E8-461E-9CA1-6FB590E8F4AE}.Debug|Any CPU.Build.0 = Debug|Any CPU
		{AE9D92FC-F9E8-461E-9CA1-6FB590E8F4AE}.Debug|x64.ActiveCfg = Debug|Any CPU
		{AE9D92FC-F9E8-461E-9CA1-6FB590E8F4AE}.Debug|x64.Build.0 = Debug|Any CPU
		{AE9D92FC-F9E8-461E-9CA1-6FB590E8F4AE}.Debug|x86.ActiveCfg = Debug|Any CPU
		{AE9D92FC-F9E8-461E-9CA1-6FB590E8F4AE}.Debug|x86.Build.0 = Debug|Any CPU
		{AE9D92FC-F9E8-461E-9CA1-6FB590E8F4AE}.Release|Any CPU.ActiveCfg = Release|Any CPU
		{AE9D92FC-F9E8-461E-9CA1-6FB590E8F4AE}.Release|Any CPU.Build.0 = Release|Any CPU
		{AE9D92FC-F9E8-461E-9CA1-6FB590E8F4AE}.Release|x64.ActiveCfg = Release|Any CPU
		{AE9D92FC-F9E8-461E-9CA1-6FB590E8F4AE}.Release|x64.Build.0 = Release|Any CPU
		{AE9D92FC-F9E8-461E-9CA1-6FB590E8F4AE}.Release|x86.ActiveCfg = Release|Any CPU
		{AE9D92FC-F9E8-461E-9CA1-6FB590E8F4AE}.Release|x86.Build.0 = Release|Any CPU
		{E2A5FCEC-589B-461B-8267-7E36F1E50B6F}.Debug|Any CPU.ActiveCfg = Debug|Any CPU
		{E2A5FCEC-589B-461B-8267-7E36F1E50B6F}.Debug|Any CPU.Build.0 = Debug|Any CPU
		{E2A5FCEC-589B-461B-8267-7E36F1E50B6F}.Debug|x64.ActiveCfg = Debug|Any CPU
		{E2A5FCEC-589B-461B-8267-7E36F1E50B6F}.Debug|x64.Build.0 = Debug|Any CPU
		{E2A5FCEC-589B-461B-8267-7E36F1E50B6F}.Debug|x86.ActiveCfg = Debug|Any CPU
		{E2A5FCEC-589B-461B-8267-7E36F1E50B6F}.Debug|x86.Build.0 = Debug|Any CPU
		{E2A5FCEC-589B-461B-8267-7E36F1E50B6F}.Release|Any CPU.ActiveCfg = Release|Any CPU
		{E2A5FCEC-589B-461B-8267-7E36F1E50B6F}.Release|Any CPU.Build.0 = Release|Any CPU
		{E2A5FCEC-589B-461B-8267-7E36F1E50B6F}.Release|x64.ActiveCfg = Release|Any CPU
		{E2A5FCEC-589B-461B-8267-7E36F1E50B6F}.Release|x64.Build.0 = Release|Any CPU
		{E2A5FCEC-589B-461B-8267-7E36F1E50B6F}.Release|x86.ActiveCfg = Release|Any CPU
		{E2A5FCEC-589B-461B-8267-7E36F1E50B6F}.Release|x86.Build.0 = Release|Any CPU
		{8B2305B5-8DEC-48B7-8793-0C8E4FDF74C4}.Debug|Any CPU.ActiveCfg = Debug|Any CPU
		{8B2305B5-8DEC-48B7-8793-0C8E4FDF74C4}.Debug|Any CPU.Build.0 = Debug|Any CPU
		{8B2305B5-8DEC-48B7-8793-0C8E4FDF74C4}.Debug|x64.ActiveCfg = Debug|Any CPU
		{8B2305B5-8DEC-48B7-8793-0C8E4FDF74C4}.Debug|x64.Build.0 = Debug|Any CPU
		{8B2305B5-8DEC-48B7-8793-0C8E4FDF74C4}.Debug|x86.ActiveCfg = Debug|Any CPU
		{8B2305B5-8DEC-48B7-8793-0C8E4FDF74C4}.Debug|x86.Build.0 = Debug|Any CPU
		{8B2305B5-8DEC-48B7-8793-0C8E4FDF74C4}.Release|Any CPU.ActiveCfg = Release|Any CPU
		{8B2305B5-8DEC-48B7-8793-0C8E4FDF74C4}.Release|Any CPU.Build.0 = Release|Any CPU
		{8B2305B5-8DEC-48B7-8793-0C8E4FDF74C4}.Release|x64.ActiveCfg = Release|Any CPU
		{8B2305B5-8DEC-48B7-8793-0C8E4FDF74C4}.Release|x64.Build.0 = Release|Any CPU
		{8B2305B5-8DEC-48B7-8793-0C8E4FDF74C4}.Release|x86.ActiveCfg = Release|Any CPU
		{8B2305B5-8DEC-48B7-8793-0C8E4FDF74C4}.Release|x86.Build.0 = Release|Any CPU
		{1C6978CC-9C6B-4A0F-9FFB-DF4C19C22636}.Debug|Any CPU.ActiveCfg = Debug|Any CPU
		{1C6978CC-9C6B-4A0F-9FFB-DF4C19C22636}.Debug|Any CPU.Build.0 = Debug|Any CPU
		{1C6978CC-9C6B-4A0F-9FFB-DF4C19C22636}.Debug|x64.ActiveCfg = Debug|Any CPU
		{1C6978CC-9C6B-4A0F-9FFB-DF4C19C22636}.Debug|x64.Build.0 = Debug|Any CPU
		{1C6978CC-9C6B-4A0F-9FFB-DF4C19C22636}.Debug|x86.ActiveCfg = Debug|Any CPU
		{1C6978CC-9C6B-4A0F-9FFB-DF4C19C22636}.Debug|x86.Build.0 = Debug|Any CPU
		{1C6978CC-9C6B-4A0F-9FFB-DF4C19C22636}.Release|Any CPU.ActiveCfg = Release|Any CPU
		{1C6978CC-9C6B-4A0F-9FFB-DF4C19C22636}.Release|Any CPU.Build.0 = Release|Any CPU
		{1C6978CC-9C6B-4A0F-9FFB-DF4C19C22636}.Release|x64.ActiveCfg = Release|Any CPU
		{1C6978CC-9C6B-4A0F-9FFB-DF4C19C22636}.Release|x64.Build.0 = Release|Any CPU
		{1C6978CC-9C6B-4A0F-9FFB-DF4C19C22636}.Release|x86.ActiveCfg = Release|Any CPU
		{1C6978CC-9C6B-4A0F-9FFB-DF4C19C22636}.Release|x86.Build.0 = Release|Any CPU
	EndGlobalSection
	GlobalSection(NestedProjects) = preSolution
		{0F17A9A8-7253-4538-BAE9-FAAB3D869791} = {DBA0F7DD-A3AC-4B96-8CC4-213F29CAF992}
		{AE9D92FC-F9E8-461E-9CA1-6FB590E8F4AE} = {DBA0F7DD-A3AC-4B96-8CC4-213F29CAF992}
		{E2A5FCEC-589B-461B-8267-7E36F1E50B6F} = {DBA0F7DD-A3AC-4B96-8CC4-213F29CAF992}
		{8B2305B5-8DEC-48B7-8793-0C8E4FDF74C4} = {DBA0F7DD-A3AC-4B96-8CC4-213F29CAF992}
		{1C6978CC-9C6B-4A0F-9FFB-DF4C19C22636} = {693484C7-D0CD-4523-ADA1-3C3B29759955}
	EndGlobalSection
EndGlobal
